
Microsoft Visual Studio Solution File, Format Version 12.00
# Visual Studio 15
VisualStudioVersion = 15.0.27130.2024
MinimumVisualStudioVersion = 10.0.40219.1
Project("{9A19103F-16F7-4668-BE54-9A1E7A4F7556}") = "MetaWear", "MetaWear\MetaWear.csproj", "{1E16EC87-D000-490F-BAFF-9BC0975406E7}"
EndProject
<<<<<<< HEAD
Project("{D954291E-2A0B-460D-934E-DC6B0785DB48}") = "MetaWear.Impl", "MetaWear.Impl\MetaWear.Impl.shproj", "{28AC4A04-B008-4057-96AE-9E6482793C1C}"
EndProject
Project("{FAE04EC0-301F-11D3-BF4B-00C04F79EFBC}") = "MetaWear.DotNet", "MetaWear.DotNet\MetaWear.DotNet.csproj", "{0DE30138-2666-4991-A572-3B3914A53146}"
EndProject
Project("{FAE04EC0-301F-11D3-BF4B-00C04F79EFBC}") = "MetaWear.Test", "MetaWear.Test\MetaWear.Test.csproj", "{8B19D12F-867B-40B1-BAB9-C9BF953AD6D4}"
EndProject
Project("{D954291E-2A0B-460D-934E-DC6B0785DB48}") = "MetaWear.Win10", "MetaWear.Win10\MetaWear.Win10.shproj", "{272AFD1E-B093-4A4B-8F30-B51BF47D3FD5}"
EndProject
Project("{FAE04EC0-301F-11D3-BF4B-00C04F79EFBC}") = "MetaWear.Uwp", "MetaWear.Uwp\MetaWear.Uwp.csproj", "{06E0C04F-2FE9-43A0-A816-A64BA57A7AA6}"
EndProject
Project("{D954291E-2A0B-460D-934E-DC6B0785DB48}") = "MetaWear.Platform", "MetaWear.Platform\MetaWear.Platform.shproj", "{345A43DC-B35D-4B53-B263-D0DFECCF2050}"
EndProject
Project("{9A19103F-16F7-4668-BE54-9A1E7A4F7556}") = "MetaWear.DotNetStandard", "MetaWear.DotNetStandard\MetaWear.DotNetStandard.csproj", "{CB9B2162-4B0A-44AF-91AF-98F725FA7656}"
=======
Project("{9A19103F-16F7-4668-BE54-9A1E7A4F7556}") = "MetaWear.Test", "MetaWear.Test\MetaWear.Test.csproj", "{027A7209-596D-4160-B71C-7731ECA22B3E}"
>>>>>>> upstream/master
EndProject
Global
	GlobalSection(SolutionConfigurationPlatforms) = preSolution
		Debug|Any CPU = Debug|Any CPU
		Debug|ARM = Debug|ARM
		Debug|x64 = Debug|x64
		Debug|x86 = Debug|x86
		Release|Any CPU = Release|Any CPU
		Release|ARM = Release|ARM
		Release|x64 = Release|x64
		Release|x86 = Release|x86
	EndGlobalSection
	GlobalSection(ProjectConfigurationPlatforms) = postSolution
		{1E16EC87-D000-490F-BAFF-9BC0975406E7}.Debug|Any CPU.ActiveCfg = Debug|Any CPU
		{1E16EC87-D000-490F-BAFF-9BC0975406E7}.Debug|Any CPU.Build.0 = Debug|Any CPU
		{1E16EC87-D000-490F-BAFF-9BC0975406E7}.Debug|ARM.ActiveCfg = Debug|Any CPU
		{1E16EC87-D000-490F-BAFF-9BC0975406E7}.Debug|ARM.Build.0 = Debug|Any CPU
		{1E16EC87-D000-490F-BAFF-9BC0975406E7}.Debug|x64.ActiveCfg = Debug|Any CPU
		{1E16EC87-D000-490F-BAFF-9BC0975406E7}.Debug|x64.Build.0 = Debug|Any CPU
		{1E16EC87-D000-490F-BAFF-9BC0975406E7}.Debug|x86.ActiveCfg = Debug|Any CPU
		{1E16EC87-D000-490F-BAFF-9BC0975406E7}.Debug|x86.Build.0 = Debug|Any CPU
		{1E16EC87-D000-490F-BAFF-9BC0975406E7}.Release|Any CPU.ActiveCfg = Release|Any CPU
		{1E16EC87-D000-490F-BAFF-9BC0975406E7}.Release|Any CPU.Build.0 = Release|Any CPU
		{1E16EC87-D000-490F-BAFF-9BC0975406E7}.Release|ARM.ActiveCfg = Release|Any CPU
		{1E16EC87-D000-490F-BAFF-9BC0975406E7}.Release|ARM.Build.0 = Release|Any CPU
		{1E16EC87-D000-490F-BAFF-9BC0975406E7}.Release|x64.ActiveCfg = Release|Any CPU
		{1E16EC87-D000-490F-BAFF-9BC0975406E7}.Release|x64.Build.0 = Release|Any CPU
		{1E16EC87-D000-490F-BAFF-9BC0975406E7}.Release|x86.ActiveCfg = Release|Any CPU
		{1E16EC87-D000-490F-BAFF-9BC0975406E7}.Release|x86.Build.0 = Release|Any CPU
		{027A7209-596D-4160-B71C-7731ECA22B3E}.Debug|Any CPU.ActiveCfg = Debug|Any CPU
		{027A7209-596D-4160-B71C-7731ECA22B3E}.Debug|Any CPU.Build.0 = Debug|Any CPU
		{027A7209-596D-4160-B71C-7731ECA22B3E}.Debug|ARM.ActiveCfg = Debug|Any CPU
		{027A7209-596D-4160-B71C-7731ECA22B3E}.Debug|ARM.Build.0 = Debug|Any CPU
		{027A7209-596D-4160-B71C-7731ECA22B3E}.Debug|x64.ActiveCfg = Debug|Any CPU
		{027A7209-596D-4160-B71C-7731ECA22B3E}.Debug|x64.Build.0 = Debug|Any CPU
		{027A7209-596D-4160-B71C-7731ECA22B3E}.Debug|x86.ActiveCfg = Debug|Any CPU
		{027A7209-596D-4160-B71C-7731ECA22B3E}.Debug|x86.Build.0 = Debug|Any CPU
		{027A7209-596D-4160-B71C-7731ECA22B3E}.Release|Any CPU.ActiveCfg = Release|Any CPU
		{027A7209-596D-4160-B71C-7731ECA22B3E}.Release|Any CPU.Build.0 = Release|Any CPU
		{027A7209-596D-4160-B71C-7731ECA22B3E}.Release|ARM.ActiveCfg = Release|Any CPU
		{027A7209-596D-4160-B71C-7731ECA22B3E}.Release|ARM.Build.0 = Release|Any CPU
		{027A7209-596D-4160-B71C-7731ECA22B3E}.Release|x64.ActiveCfg = Release|Any CPU
		{027A7209-596D-4160-B71C-7731ECA22B3E}.Release|x64.Build.0 = Release|Any CPU
		{027A7209-596D-4160-B71C-7731ECA22B3E}.Release|x86.ActiveCfg = Release|Any CPU
		{027A7209-596D-4160-B71C-7731ECA22B3E}.Release|x86.Build.0 = Release|Any CPU
	EndGlobalSection
	GlobalSection(SolutionProperties) = preSolution
		HideSolutionNode = FALSE
	EndGlobalSection
	GlobalSection(ExtensibilityGlobals) = postSolution
		SolutionGuid = {D6468787-33CB-4041-A000-7D7BAB3E8700}
	EndGlobalSection
EndGlobal
